// !$*UTF8*$!
{
	archiveVersion = 1;
	classes = {
	};
	objectVersion = 46;
	objects = {

/* Begin PBXBuildFile section */
		89B841431D1B9582008ABFC8 /* AppDelegate.swift in Sources */ = {isa = PBXBuildFile; fileRef = 89B841421D1B9582008ABFC8 /* AppDelegate.swift */; };
		89B841451D1B9582008ABFC8 /* ViewController.swift in Sources */ = {isa = PBXBuildFile; fileRef = 89B841441D1B9582008ABFC8 /* ViewController.swift */; };
		89B841481D1B9582008ABFC8 /* Main.storyboard in Resources */ = {isa = PBXBuildFile; fileRef = 89B841461D1B9582008ABFC8 /* Main.storyboard */; };
		89B8414A1D1B9582008ABFC8 /* Assets.xcassets in Resources */ = {isa = PBXBuildFile; fileRef = 89B841491D1B9582008ABFC8 /* Assets.xcassets */; };
		89B8414D1D1B9582008ABFC8 /* LaunchScreen.storyboard in Resources */ = {isa = PBXBuildFile; fileRef = 89B8414B1D1B9582008ABFC8 /* LaunchScreen.storyboard */; };
		89B841581D1B9582008ABFC8 /* Neu_MapTests.swift in Sources */ = {isa = PBXBuildFile; fileRef = 89B841571D1B9582008ABFC8 /* Neu_MapTests.swift */; };
		89B841631D1B9582008ABFC8 /* Neu_MapUITests.swift in Sources */ = {isa = PBXBuildFile; fileRef = 89B841621D1B9582008ABFC8 /* Neu_MapUITests.swift */; };
/* End PBXBuildFile section */

/* Begin PBXContainerItemProxy section */
		89B841541D1B9582008ABFC8 /* PBXContainerItemProxy */ = {
			isa = PBXContainerItemProxy;
			containerPortal = 89B841371D1B9582008ABFC8 /* Project object */;
			proxyType = 1;
			remoteGlobalIDString = 89B8413E1D1B9582008ABFC8;
			remoteInfo = "Neu Map";
		};
		89B8415F1D1B9582008ABFC8 /* PBXContainerItemProxy */ = {
			isa = PBXContainerItemProxy;
			containerPortal = 89B841371D1B9582008ABFC8 /* Project object */;
			proxyType = 1;
			remoteGlobalIDString = 89B8413E1D1B9582008ABFC8;
			remoteInfo = "Neu Map";
		};
/* End PBXContainerItemProxy section */

/* Begin PBXFileReference section */
		89B8413F1D1B9582008ABFC8 /* Neu Map.app */ = {isa = PBXFileReference; explicitFileType = wrapper.application; includeInIndex = 0; path = "Neu Map.app"; sourceTree = BUILT_PRODUCTS_DIR; };
		89B841421D1B9582008ABFC8 /* AppDelegate.swift */ = {isa = PBXFileReference; lastKnownFileType = sourcecode.swift; path = AppDelegate.swift; sourceTree = "<group>"; };
		89B841441D1B9582008ABFC8 /* ViewController.swift */ = {isa = PBXFileReference; lastKnownFileType = sourcecode.swift; path = ViewController.swift; sourceTree = "<group>"; };
		89B841471D1B9582008ABFC8 /* Base */ = {isa = PBXFileReference; lastKnownFileType = file.storyboard; name = Base; path = Base.lproj/Main.storyboard; sourceTree = "<group>"; };
		89B841491D1B9582008ABFC8 /* Assets.xcassets */ = {isa = PBXFileReference; lastKnownFileType = folder.assetcatalog; path = Assets.xcassets; sourceTree = "<group>"; };
		89B8414C1D1B9582008ABFC8 /* Base */ = {isa = PBXFileReference; lastKnownFileType = file.storyboard; name = Base; path = Base.lproj/LaunchScreen.storyboard; sourceTree = "<group>"; };
		89B8414E1D1B9582008ABFC8 /* Info.plist */ = {isa = PBXFileReference; lastKnownFileType = text.plist.xml; path = Info.plist; sourceTree = "<group>"; };
		89B841531D1B9582008ABFC8 /* Neu MapTests.xctest */ = {isa = PBXFileReference; explicitFileType = wrapper.cfbundle; includeInIndex = 0; path = "Neu MapTests.xctest"; sourceTree = BUILT_PRODUCTS_DIR; };
		89B841571D1B9582008ABFC8 /* Neu_MapTests.swift */ = {isa = PBXFileReference; lastKnownFileType = sourcecode.swift; path = Neu_MapTests.swift; sourceTree = "<group>"; };
		89B841591D1B9582008ABFC8 /* Info.plist */ = {isa = PBXFileReference; lastKnownFileType = text.plist.xml; path = Info.plist; sourceTree = "<group>"; };
		89B8415E1D1B9582008ABFC8 /* Neu MapUITests.xctest */ = {isa = PBXFileReference; explicitFileType = wrapper.cfbundle; includeInIndex = 0; path = "Neu MapUITests.xctest"; sourceTree = BUILT_PRODUCTS_DIR; };
		89B841621D1B9582008ABFC8 /* Neu_MapUITests.swift */ = {isa = PBXFileReference; lastKnownFileType = sourcecode.swift; path = Neu_MapUITests.swift; sourceTree = "<group>"; };
		89B841641D1B9582008ABFC8 /* Info.plist */ = {isa = PBXFileReference; lastKnownFileType = text.plist.xml; path = Info.plist; sourceTree = "<group>"; };
/* End PBXFileReference section */

/* Begin PBXFrameworksBuildPhase section */
		89B8413C1D1B9582008ABFC8 /* Frameworks */ = {
			isa = PBXFrameworksBuildPhase;
			buildActionMask = 2147483647;
			files = (
			);
			runOnlyForDeploymentPostprocessing = 0;
		};
		89B841501D1B9582008ABFC8 /* Frameworks */ = {
			isa = PBXFrameworksBuildPhase;
			buildActionMask = 2147483647;
			files = (
			);
			runOnlyForDeploymentPostprocessing = 0;
		};
		89B8415B1D1B9582008ABFC8 /* Frameworks */ = {
			isa = PBXFrameworksBuildPhase;
			buildActionMask = 2147483647;
			files = (
			);
			runOnlyForDeploymentPostprocessing = 0;
		};
/* End PBXFrameworksBuildPhase section */

/* Begin PBXGroup section */
		89B841361D1B9582008ABFC8 = {
			isa = PBXGroup;
			children = (
				89B841411D1B9582008ABFC8 /* Neu Map */,
				89B841561D1B9582008ABFC8 /* Neu MapTests */,
				89B841611D1B9582008ABFC8 /* Neu MapUITests */,
				89B841401D1B9582008ABFC8 /* Products */,
			);
			sourceTree = "<group>";
		};
		89B841401D1B9582008ABFC8 /* Products */ = {
			isa = PBXGroup;
			children = (
				89B8413F1D1B9582008ABFC8 /* Neu Map.app */,
				89B841531D1B9582008ABFC8 /* Neu MapTests.xctest */,
				89B8415E1D1B9582008ABFC8 /* Neu MapUITests.xctest */,
			);
			name = Products;
			sourceTree = "<group>";
		};
		89B841411D1B9582008ABFC8 /* Neu Map */ = {
			isa = PBXGroup;
			children = (
				89B841421D1B9582008ABFC8 /* AppDelegate.swift */,
				89B841441D1B9582008ABFC8 /* ViewController.swift */,
				89B841461D1B9582008ABFC8 /* Main.storyboard */,
				89B841491D1B9582008ABFC8 /* Assets.xcassets */,
				89B8414B1D1B9582008ABFC8 /* LaunchScreen.storyboard */,
				89B8414E1D1B9582008ABFC8 /* Info.plist */,
			);
			path = "Neu Map";
			sourceTree = "<group>";
		};
		89B841561D1B9582008ABFC8 /* Neu MapTests */ = {
			isa = PBXGroup;
			children = (
				89B841571D1B9582008ABFC8 /* Neu_MapTests.swift */,
				89B841591D1B9582008ABFC8 /* Info.plist */,
			);
			path = "Neu MapTests";
			sourceTree = "<group>";
		};
		89B841611D1B9582008ABFC8 /* Neu MapUITests */ = {
			isa = PBXGroup;
			children = (
				89B841621D1B9582008ABFC8 /* Neu_MapUITests.swift */,
				89B841641D1B9582008ABFC8 /* Info.plist */,
			);
			path = "Neu MapUITests";
			sourceTree = "<group>";
		};
/* End PBXGroup section */

/* Begin PBXNativeTarget section */
		89B8413E1D1B9582008ABFC8 /* Neu Map */ = {
			isa = PBXNativeTarget;
			buildConfigurationList = 89B841671D1B9582008ABFC8 /* Build configuration list for PBXNativeTarget "Neu Map" */;
			buildPhases = (
				89B8413B1D1B9582008ABFC8 /* Sources */,
				89B8413C1D1B9582008ABFC8 /* Frameworks */,
				89B8413D1D1B9582008ABFC8 /* Resources */,
			);
			buildRules = (
			);
			dependencies = (
			);
			name = "Neu Map";
			productName = "Neu Map";
			productReference = 89B8413F1D1B9582008ABFC8 /* Neu Map.app */;
			productType = "com.apple.product-type.application";
		};
		89B841521D1B9582008ABFC8 /* Neu MapTests */ = {
			isa = PBXNativeTarget;
			buildConfigurationList = 89B8416A1D1B9582008ABFC8 /* Build configuration list for PBXNativeTarget "Neu MapTests" */;
			buildPhases = (
				89B8414F1D1B9582008ABFC8 /* Sources */,
				89B841501D1B9582008ABFC8 /* Frameworks */,
				89B841511D1B9582008ABFC8 /* Resources */,
			);
			buildRules = (
			);
			dependencies = (
				89B841551D1B9582008ABFC8 /* PBXTargetDependency */,
			);
			name = "Neu MapTests";
			productName = "Neu MapTests";
			productReference = 89B841531D1B9582008ABFC8 /* Neu MapTests.xctest */;
			productType = "com.apple.product-type.bundle.unit-test";
		};
		89B8415D1D1B9582008ABFC8 /* Neu MapUITests */ = {
			isa = PBXNativeTarget;
			buildConfigurationList = 89B8416D1D1B9582008ABFC8 /* Build configuration list for PBXNativeTarget "Neu MapUITests" */;
			buildPhases = (
				89B8415A1D1B9582008ABFC8 /* Sources */,
				89B8415B1D1B9582008ABFC8 /* Frameworks */,
				89B8415C1D1B9582008ABFC8 /* Resources */,
			);
			buildRules = (
			);
			dependencies = (
				89B841601D1B9582008ABFC8 /* PBXTargetDependency */,
			);
			name = "Neu MapUITests";
			productName = "Neu MapUITests";
			productReference = 89B8415E1D1B9582008ABFC8 /* Neu MapUITests.xctest */;
			productType = "com.apple.product-type.bundle.ui-testing";
		};
/* End PBXNativeTarget section */

/* Begin PBXProject section */
		89B841371D1B9582008ABFC8 /* Project object */ = {
			isa = PBXProject;
			attributes = {
				LastSwiftUpdateCheck = 0730;
				LastUpgradeCheck = 0730;
				ORGANIZATIONNAME = arnok;
				TargetAttributes = {
					89B8413E1D1B9582008ABFC8 = {
						CreatedOnToolsVersion = 7.3.1;
					};
					89B841521D1B9582008ABFC8 = {
						CreatedOnToolsVersion = 7.3.1;
						TestTargetID = 89B8413E1D1B9582008ABFC8;
					};
					89B8415D1D1B9582008ABFC8 = {
						CreatedOnToolsVersion = 7.3.1;
						TestTargetID = 89B8413E1D1B9582008ABFC8;
					};
				};
			};
			buildConfigurationList = 89B8413A1D1B9582008ABFC8 /* Build configuration list for PBXProject "Neu Map" */;
			compatibilityVersion = "Xcode 3.2";
			developmentRegion = English;
			hasScannedForEncodings = 0;
			knownRegions = (
				en,
				Base,
			);
			mainGroup = 89B841361D1B9582008ABFC8;
			productRefGroup = 89B841401D1B9582008ABFC8 /* Products */;
			projectDirPath = "";
			projectRoot = "";
			targets = (
				89B8413E1D1B9582008ABFC8 /* Neu Map */,
				89B841521D1B9582008ABFC8 /* Neu MapTests */,
				89B8415D1D1B9582008ABFC8 /* Neu MapUITests */,
			);
		};
/* End PBXProject section */

/* Begin PBXResourcesBuildPhase section */
		89B8413D1D1B9582008ABFC8 /* Resources */ = {
			isa = PBXResourcesBuildPhase;
			buildActionMask = 2147483647;
			files = (
				89B8414D1D1B9582008ABFC8 /* LaunchScreen.storyboard in Resources */,
				89B8414A1D1B9582008ABFC8 /* Assets.xcassets in Resources */,
				89B841481D1B9582008ABFC8 /* Main.storyboard in Resources */,
			);
			runOnlyForDeploymentPostprocessing = 0;
		};
		89B841511D1B9582008ABFC8 /* Resources */ = {
			isa = PBXResourcesBuildPhase;
			buildActionMask = 2147483647;
			files = (
			);
			runOnlyForDeploymentPostprocessing = 0;
		};
		89B8415C1D1B9582008ABFC8 /* Resources */ = {
			isa = PBXResourcesBuildPhase;
			buildActionMask = 2147483647;
			files = (
			);
			runOnlyForDeploymentPostprocessing = 0;
		};
/* End PBXResourcesBuildPhase section */

/* Begin PBXSourcesBuildPhase section */
		89B8413B1D1B9582008ABFC8 /* Sources */ = {
			isa = PBXSourcesBuildPhase;
			buildActionMask = 2147483647;
			files = (
				89B841451D1B9582008ABFC8 /* ViewController.swift in Sources */,
				89B841431D1B9582008ABFC8 /* AppDelegate.swift in Sources */,
			);
			runOnlyForDeploymentPostprocessing = 0;
		};
		89B8414F1D1B9582008ABFC8 /* Sources */ = {
			isa = PBXSourcesBuildPhase;
			buildActionMask = 2147483647;
			files = (
				89B841581D1B9582008ABFC8 /* Neu_MapTests.swift in Sources */,
			);
			runOnlyForDeploymentPostprocessing = 0;
		};
		89B8415A1D1B9582008ABFC8 /* Sources */ = {
			isa = PBXSourcesBuildPhase;
			buildActionMask = 2147483647;
			files = (
				89B841631D1B9582008ABFC8 /* Neu_MapUITests.swift in Sources */,
			);
			runOnlyForDeploymentPostprocessing = 0;
		};
/* End PBXSourcesBuildPhase section */

/* Begin PBXTargetDependency section */
		89B841551D1B9582008ABFC8 /* PBXTargetDependency */ = {
			isa = PBXTargetDependency;
			target = 89B8413E1D1B9582008ABFC8 /* Neu Map */;
			targetProxy = 89B841541D1B9582008ABFC8 /* PBXContainerItemProxy */;
		};
		89B841601D1B9582008ABFC8 /* PBXTargetDependency */ = {
			isa = PBXTargetDependency;
			target = 89B8413E1D1B9582008ABFC8 /* Neu Map */;
			targetProxy = 89B8415F1D1B9582008ABFC8 /* PBXContainerItemProxy */;
		};
/* End PBXTargetDependency section */

/* Begin PBXVariantGroup section */
		89B841461D1B9582008ABFC8 /* Main.storyboard */ = {
			isa = PBXVariantGroup;
			children = (
				89B841471D1B9582008ABFC8 /* Base */,
			);
			name = Main.storyboard;
			sourceTree = "<group>";
		};
		89B8414B1D1B9582008ABFC8 /* LaunchScreen.storyboard */ = {
			isa = PBXVariantGroup;
			children = (
				89B8414C1D1B9582008ABFC8 /* Base */,
			);
			name = LaunchScreen.storyboard;
			sourceTree = "<group>";
		};
/* End PBXVariantGroup section */

/* Begin XCBuildConfiguration section */
		89B841651D1B9582008ABFC8 /* Debug */ = {
			isa = XCBuildConfiguration;
			buildSettings = {
				ALWAYS_SEARCH_USER_PATHS = NO;
				CLANG_ANALYZER_NONNULL = YES;
				CLANG_CXX_LANGUAGE_STANDARD = "gnu++0x";
				CLANG_CXX_LIBRARY = "libc++";
				CLANG_ENABLE_MODULES = YES;
				CLANG_ENABLE_OBJC_ARC = YES;
				CLANG_WARN_BOOL_CONVERSION = YES;
				CLANG_WARN_CONSTANT_CONVERSION = YES;
				CLANG_WARN_DIRECT_OBJC_ISA_USAGE = YES_ERROR;
				CLANG_WARN_EMPTY_BODY = YES;
				CLANG_WARN_ENUM_CONVERSION = YES;
				CLANG_WARN_INT_CONVERSION = YES;
				CLANG_WARN_OBJC_ROOT_CLASS = YES_ERROR;
				CLANG_WARN_UNREACHABLE_CODE = YES;
				CLANG_WARN__DUPLICATE_METHOD_MATCH = YES;
				"CODE_SIGN_IDENTITY[sdk=iphoneos*]" = "iPhone Developer";
				COPY_PHASE_STRIP = NO;
				DEBUG_INFORMATION_FORMAT = dwarf;
				ENABLE_STRICT_OBJC_MSGSEND = YES;
				ENABLE_TESTABILITY = YES;
				GCC_C_LANGUAGE_STANDARD = gnu99;
				GCC_DYNAMIC_NO_PIC = NO;
				GCC_NO_COMMON_BLOCKS = YES;
				GCC_OPTIMIZATION_LEVEL = 0;
				GCC_PREPROCESSOR_DEFINITIONS = (
					"DEBUG=1",
					"$(inherited)",
				);
				GCC_WARN_64_TO_32_BIT_CONVERSION = YES;
				GCC_WARN_ABOUT_RETURN_TYPE = YES_ERROR;
				GCC_WARN_UNDECLARED_SELECTOR = YES;
				GCC_WARN_UNINITIALIZED_AUTOS = YES_AGGRESSIVE;
				GCC_WARN_UNUSED_FUNCTION = YES;
				GCC_WARN_UNUSED_VARIABLE = YES;
				IPHONEOS_DEPLOYMENT_TARGET = 9.3;
				MTL_ENABLE_DEBUG_INFO = YES;
				ONLY_ACTIVE_ARCH = YES;
				SDKROOT = iphoneos;
				SWIFT_OPTIMIZATION_LEVEL = "-Onone";
			};
			name = Debug;
		};
		89B841661D1B9582008ABFC8 /* Release */ = {
			isa = XCBuildConfiguration;
			buildSettings = {
				ALWAYS_SEARCH_USER_PATHS = NO;
				CLANG_ANALYZER_NONNULL = YES;
				CLANG_CXX_LANGUAGE_STANDARD = "gnu++0x";
				CLANG_CXX_LIBRARY = "libc++";
				CLANG_ENABLE_MODULES = YES;
				CLANG_ENABLE_OBJC_ARC = YES;
				CLANG_WARN_BOOL_CONVERSION = YES;
				CLANG_WARN_CONSTANT_CONVERSION = YES;
				CLANG_WARN_DIRECT_OBJC_ISA_USAGE = YES_ERROR;
				CLANG_WARN_EMPTY_BODY = YES;
				CLANG_WARN_ENUM_CONVERSION = YES;
				CLANG_WARN_INT_CONVERSION = YES;
				CLANG_WARN_OBJC_ROOT_CLASS = YES_ERROR;
				CLANG_WARN_UNREACHABLE_CODE = YES;
				CLANG_WARN__DUPLICATE_METHOD_MATCH = YES;
				"CODE_SIGN_IDENTITY[sdk=iphoneos*]" = "iPhone Developer";
				COPY_PHASE_STRIP = NO;
				DEBUG_INFORMATION_FORMAT = "dwarf-with-dsym";
				ENABLE_NS_ASSERTIONS = NO;
				ENABLE_STRICT_OBJC_MSGSEND = YES;
				GCC_C_LANGUAGE_STANDARD = gnu99;
				GCC_NO_COMMON_BLOCKS = YES;
				GCC_WARN_64_TO_32_BIT_CONVERSION = YES;
				GCC_WARN_ABOUT_RETURN_TYPE = YES_ERROR;
				GCC_WARN_UNDECLARED_SELECTOR = YES;
				GCC_WARN_UNINITIALIZED_AUTOS = YES_AGGRESSIVE;
				GCC_WARN_UNUSED_FUNCTION = YES;
				GCC_WARN_UNUSED_VARIABLE = YES;
				IPHONEOS_DEPLOYMENT_TARGET = 9.3;
				MTL_ENABLE_DEBUG_INFO = NO;
				SDKROOT = iphoneos;
				VALIDATE_PRODUCT = YES;
			};
			name = Release;
		};
		89B841681D1B9582008ABFC8 /* Debug */ = {
			isa = XCBuildConfiguration;
			buildSettings = {
				ASSETCATALOG_COMPILER_APPICON_NAME = AppIcon;
				INFOPLIST_FILE = "Neu Map/Info.plist";
				LD_RUNPATH_SEARCH_PATHS = "$(inherited) @executable_path/Frameworks";
				PRODUCT_BUNDLE_IDENTIFIER = "app.wanwisapp.Neu-Map";
				PRODUCT_NAME = "$(TARGET_NAME)";
			};
			name = Debug;
		};
		89B841691D1B9582008ABFC8 /* Release */ = {
			isa = XCBuildConfiguration;
			buildSettings = {
				ASSETCATALOG_COMPILER_APPICON_NAME = AppIcon;
				INFOPLIST_FILE = "Neu Map/Info.plist";
				LD_RUNPATH_SEARCH_PATHS = "$(inherited) @executable_path/Frameworks";
				PRODUCT_BUNDLE_IDENTIFIER = "app.wanwisapp.Neu-Map";
				PRODUCT_NAME = "$(TARGET_NAME)";
			};
			name = Release;
		};
		89B8416B1D1B9582008ABFC8 /* Debug */ = {
			isa = XCBuildConfiguration;
			buildSettings = {
				BUNDLE_LOADER = "$(TEST_HOST)";
				INFOPLIST_FILE = "Neu MapTests/Info.plist";
				LD_RUNPATH_SEARCH_PATHS = "$(inherited) @executable_path/Frameworks @loader_path/Frameworks";
				PRODUCT_BUNDLE_IDENTIFIER = "app.wanwisapp.Neu-MapTests";
				PRODUCT_NAME = "$(TARGET_NAME)";
				TEST_HOST = "$(BUILT_PRODUCTS_DIR)/Neu Map.app/Neu Map";
			};
			name = Debug;
		};
		89B8416C1D1B9582008ABFC8 /* Release */ = {
			isa = XCBuildConfiguration;
			buildSettings = {
				BUNDLE_LOADER = "$(TEST_HOST)";
				INFOPLIST_FILE = "Neu MapTests/Info.plist";
				LD_RUNPATH_SEARCH_PATHS = "$(inherited) @executable_path/Frameworks @loader_path/Frameworks";
				PRODUCT_BUNDLE_IDENTIFIER = "app.wanwisapp.Neu-MapTests";
				PRODUCT_NAME = "$(TARGET_NAME)";
				TEST_HOST = "$(BUILT_PRODUCTS_DIR)/Neu Map.app/Neu Map";
			};
			name = Release;
		};
		89B8416E1D1B9582008ABFC8 /* Debug */ = {
			isa = XCBuildConfiguration;
			buildSettings = {
				INFOPLIST_FILE = "Neu MapUITests/Info.plist";
				LD_RUNPATH_SEARCH_PATHS = "$(inherited) @executable_path/Frameworks @loader_path/Frameworks";
				PRODUCT_BUNDLE_IDENTIFIER = "app.wanwisapp.Neu-MapUITests";
				PRODUCT_NAME = "$(TARGET_NAME)";
				TEST_TARGET_NAME = "Neu Map";
			};
			name = Debug;
		};
		89B8416F1D1B9582008ABFC8 /* Release */ = {
			isa = XCBuildConfiguration;
			buildSettings = {
				INFOPLIST_FILE = "Neu MapUITests/Info.plist";
				LD_RUNPATH_SEARCH_PATHS = "$(inherited) @executable_path/Frameworks @loader_path/Frameworks";
				PRODUCT_BUNDLE_IDENTIFIER = "app.wanwisapp.Neu-MapUITests";
				PRODUCT_NAME = "$(TARGET_NAME)";
				TEST_TARGET_NAME = "Neu Map";
			};
			name = Release;
		};
/* End XCBuildConfiguration section */

/* Begin XCConfigurationList section */
		89B8413A1D1B9582008ABFC8 /* Build configuration list for PBXProject "Neu Map" */ = {
			isa = XCConfigurationList;
			buildConfigurations = (
				89B841651D1B9582008ABFC8 /* Debug */,
				89B841661D1B9582008ABFC8 /* Release */,
			);
			defaultConfigurationIsVisible = 0;
			defaultConfigurationName = Release;
		};
		89B841671D1B9582008ABFC8 /* Build configuration list for PBXNativeTarget "Neu Map" */ = {
			isa = XCConfigurationList;
			buildConfigurations = (
				89B841681D1B9582008ABFC8 /* Debug */,
				89B841691D1B9582008ABFC8 /* Release */,
			);
			defaultConfigurationIsVisible = 0;
		};
		89B8416A1D1B9582008ABFC8 /* Build configuration list for PBXNativeTarget "Neu MapTests" */ = {
			isa = XCConfigurationList;
			buildConfigurations = (
				89B8416B1D1B9582008ABFC8 /* Debug */,
				89B8416C1D1B9582008ABFC8 /* Release */,
			);
			defaultConfigurationIsVisible = 0;
		};
		89B8416D1D1B9582008ABFC8 /* Build configuration list for PBXNativeTarget "Neu MapUITests" */ = {
			isa = XCConfigurationList;
			buildConfigurations = (
				89B8416E1D1B9582008ABFC8 /* Debug */,
				89B8416F1D1B9582008ABFC8 /* Release */,
			);
			defaultConfigurationIsVisible = 0;
		};
/* End XCConfigurationList section */
	};
	rootObject = 89B841371D1B9582008ABFC8 /* Project object */;
}
